
Microsoft Visual Studio Solution File, Format Version 12.00
# Visual Studio Version 16
VisualStudioVersion = 16.0.30011.22
MinimumVisualStudioVersion = 10.0.40219.1
Project("{8BC9CEB8-8B4A-11D0-8D11-00A0C91BC942}") = "firstcproject", "firstcproject.vcxproj", "{AF450EE8-B28F-4434-AEDB-0E6AE38F66F5}"
EndProject
Global
	GlobalSection(SolutionConfigurationPlatforms) = preSolution
		Debug|x64 = Debug|x64
		Debug|x86 = Debug|x86
		Release|x64 = Release|x64
		Release|x86 = Release|x86
	EndGlobalSection
	GlobalSection(ProjectConfigurationPlatforms) = postSolution
		{AF450EE8-B28F-4434-AEDB-0E6AE38F66F5}.Debug|x64.ActiveCfg = Debug|x64
		{AF450EE8-B28F-4434-AEDB-0E6AE38F66F5}.Debug|x64.Build.0 = Debug|x64
		{AF450EE8-B28F-4434-AEDB-0E6AE38F66F5}.Debug|x86.ActiveCfg = Debug|Win32
		{AF450EE8-B28F-4434-AEDB-0E6AE38F66F5}.Debug|x86.Build.0 = Debug|Win32
		{AF450EE8-B28F-4434-AEDB-0E6AE38F66F5}.Release|x64.ActiveCfg = Release|x64
		{AF450EE8-B28F-4434-AEDB-0E6AE38F66F5}.Release|x64.Build.0 = Release|x64
		{AF450EE8-B28F-4434-AEDB-0E6AE38F66F5}.Release|x86.ActiveCfg = Release|Win32
		{AF450EE8-B28F-4434-AEDB-0E6AE38F66F5}.Release|x86.Build.0 = Release|Win32
	EndGlobalSection
	GlobalSection(SolutionProperties) = preSolution
		HideSolutionNode = FALSE
	EndGlobalSection
	GlobalSection(ExtensibilityGlobals) = postSolution
		SolutionGuid = {A2A74F4F-FF04-4218-916C-70EC8D697E16}
	EndGlobalSection
EndGlobal
